
Microsoft Visual Studio Solution File, Format Version 12.00
Project("{FAE04EC0-301F-11D3-BF4B-00C04F79EFBC}") = "01.CreateKernel", "01.CreateKernel\01.CreateKernel.csproj", "{BF0AEC8B-1FAF-4C93-B868-409320FD2F25}"
EndProject
Project("{FAE04EC0-301F-11D3-BF4B-00C04F79EFBC}") = "02.Kernel.Plugins", "02.Kernel.Plugins\02.Kernel.Plugins.csproj", "{2D08F72C-472A-417F-B5CA-A4CC602EE1E0}"
EndProject
Project("{2150E333-8FDC-42A3-9474-1A3956D46DE8}") = "Seedwork", "Seedwork", "{FE29CD9D-016F-4BFB-B69E-B1433B5186CD}"
EndProject
Project("{FAE04EC0-301F-11D3-BF4B-00C04F79EFBC}") = "LLM.Demo.SeedWork.Core", "LLM.Demo.SeedWork.Core\LLM.Demo.SeedWork.Core.csproj", "{3B707407-7212-4849-9C06-5A754091F839}"
EndProject
Project("{FAE04EC0-301F-11D3-BF4B-00C04F79EFBC}") = "03.YamlPrompt", "03.YamlPrompt\03.YamlPrompt.csproj", "{7AF716C4-2D5A-42A3-ABFC-20DDA89DC9A9}"
EndProject
Project("{FAE04EC0-301F-11D3-BF4B-00C04F79EFBC}") = "04.DependencyInjection", "04.DependencyInjection\04.DependencyInjection.csproj", "{44CEE5E3-0647-4773-A7CC-FA9A50523A55}"
EndProject
Project("{FAE04EC0-301F-11D3-BF4B-00C04F79EFBC}") = "05.PromptFilter", "05.PromptFilter\05.PromptFilter.csproj", "{9D09CE6A-2A0F-455D-8081-B1A09D59D9DD}"
EndProject
Project("{FAE04EC0-301F-11D3-BF4B-00C04F79EFBC}") = "06.Observality", "06.Observality\06.Observality.csproj", "{C22E9DBB-D689-494F-A616-918293B086AB}"
EndProject
Project("{FAE04EC0-301F-11D3-BF4B-00C04F79EFBC}") = "07.Pipelining", "07.Pipelining\07.Pipelining.csproj", "{655F573B-A300-45C6-B538-DC70412A0C0D}"
EndProject
Project("{FAE04EC0-301F-11D3-BF4B-00C04F79EFBC}") = "08.OpenApi_Plugins", "08.OpenApi_Plugins\08.OpenApi_Plugins.csproj", "{62C9CC71-9832-4B5A-AACA-1D61000E3BBD}"
EndProject
Project("{2150E333-8FDC-42A3-9474-1A3956D46DE8}") = "agents", "agents", "{09AD4019-F46F-417A-873F-D80D27E5B38E}"
EndProject
Project("{FAE04EC0-301F-11D3-BF4B-00C04F79EFBC}") = "01.Agents", "01.Agents\01.Agents.csproj", "{35BC7F93-9242-4A53-8E58-42E86BF318BB}"
EndProject
Project("{FAE04EC0-301F-11D3-BF4B-00C04F79EFBC}") = "02.Plugins", "02.Plugins\02.Plugins.csproj", "{F694E35B-46B4-4513-BAE9-36DAC88DAA6B}"
EndProject
Project("{FAE04EC0-301F-11D3-BF4B-00C04F79EFBC}") = "03.Chat", "03.Chat\03.Chat.csproj", "{8AD958A5-18C3-44E3-9231-EF78176E576D}"
EndProject
Project("{FAE04EC0-301F-11D3-BF4B-00C04F79EFBC}") = "04.KernelFunctionStrategies", "04.KernelFunctionStrategies\04.KernelFunctionStrategies.csproj", "{5F5BC893-B46A-47B7-8490-5AFD3AAD5DD6}"
EndProject
Project("{FAE04EC0-301F-11D3-BF4B-00C04F79EFBC}") = "05.JsonResult", "05.JsonResult\05.JsonResult.csproj", "{BB7F07C9-C0B3-4ABC-A32F-40BF35677C22}"
EndProject
Project("{2150E333-8FDC-42A3-9474-1A3956D46DE8}") = "OpenAiAssistance", "OpenAiAssistance", "{78933AAB-878B-480B-BC13-9CBC37722369}"
EndProject
Project("{FAE04EC0-301F-11D3-BF4B-00C04F79EFBC}") = "01.Assistance", "01.Assistance\01.Assistance.csproj", "{E32386B6-877F-4CEB-919A-976C06A0AFDC}"
EndProject
Project("{2150E333-8FDC-42A3-9474-1A3956D46DE8}") = "Processes", "Processes", "{F439EB42-BEEE-41C2-B846-C0D450E7CA83}"
EndProject
Project("{FAE04EC0-301F-11D3-BF4B-00C04F79EFBC}") = "01.Step", "01.Step\01.Step.csproj", "{9C894C27-7253-448B-B9EF-681E973DD94C}"
EndProject
Project("{FAE04EC0-301F-11D3-BF4B-00C04F79EFBC}") = "02.Step", "02.Step\02.Step.csproj", "{82CE3FC0-1EDF-4A9C-B758-663E7FAC0619}"
EndProject
Project("{FAE04EC0-301F-11D3-BF4B-00C04F79EFBC}") = "00.SharedStep", "00.SharedStep\00.SharedStep.csproj", "{9FA69BFB-463C-44AC-A91C-EFE4FFEC5181}"
EndProject
Project("{FAE04EC0-301F-11D3-BF4B-00C04F79EFBC}") = "03.Step", "03.Step\03.Step.csproj", "{6B644FB6-6228-4CE6-9F04-7F3130C20579}"
EndProject
Project("{2150E333-8FDC-42A3-9474-1A3956D46DE8}") = "VectorStores", "VectorStores", "{783A1C98-45E4-45D4-A4B6-16AF08EED3EE}"
EndProject
Project("{FAE04EC0-301F-11D3-BF4B-00C04F79EFBC}") = "01.Ingest_Data", "01.Ingest_Data\01.Ingest_Data.csproj", "{692B3F15-EEB9-4C45-85F1-129A70395DBC}"
EndProject
Project("{FAE04EC0-301F-11D3-BF4B-00C04F79EFBC}") = "00.VectoreStore.Shared", "00.VectoreStore.Shared\00.VectoreStore.Shared.csproj", "{1D991724-E117-49DD-B254-42F7E9B3CCBC}"
EndProject
Project("{FAE04EC0-301F-11D3-BF4B-00C04F79EFBC}") = "02.Vector_search", "02.Vector_search\02.Vector_search.csproj", "{3EC9728A-1D6F-476C-AE54-E858D1ABD306}"
EndProject
Project("{FAE04EC0-301F-11D3-BF4B-00C04F79EFBC}") = "03.Switch_Vector_Store", "03.Switch_Vector_Store\03.Switch_Vector_Store.csproj", "{EEA57E92-3429-4C53-926A-F9EE3830DC08}"
EndProject
Global
	GlobalSection(SolutionConfigurationPlatforms) = preSolution
		Debug|Any CPU = Debug|Any CPU
		Release|Any CPU = Release|Any CPU
	EndGlobalSection
	GlobalSection(ProjectConfigurationPlatforms) = postSolution
		{BF0AEC8B-1FAF-4C93-B868-409320FD2F25}.Debug|Any CPU.ActiveCfg = Debug|Any CPU
		{BF0AEC8B-1FAF-4C93-B868-409320FD2F25}.Debug|Any CPU.Build.0 = Debug|Any CPU
		{BF0AEC8B-1FAF-4C93-B868-409320FD2F25}.Release|Any CPU.ActiveCfg = Release|Any CPU
		{BF0AEC8B-1FAF-4C93-B868-409320FD2F25}.Release|Any CPU.Build.0 = Release|Any CPU
		{2D08F72C-472A-417F-B5CA-A4CC602EE1E0}.Debug|Any CPU.ActiveCfg = Debug|Any CPU
		{2D08F72C-472A-417F-B5CA-A4CC602EE1E0}.Debug|Any CPU.Build.0 = Debug|Any CPU
		{2D08F72C-472A-417F-B5CA-A4CC602EE1E0}.Release|Any CPU.ActiveCfg = Release|Any CPU
		{2D08F72C-472A-417F-B5CA-A4CC602EE1E0}.Release|Any CPU.Build.0 = Release|Any CPU
		{3B707407-7212-4849-9C06-5A754091F839}.Debug|Any CPU.ActiveCfg = Debug|Any CPU
		{3B707407-7212-4849-9C06-5A754091F839}.Debug|Any CPU.Build.0 = Debug|Any CPU
		{3B707407-7212-4849-9C06-5A754091F839}.Release|Any CPU.ActiveCfg = Release|Any CPU
		{3B707407-7212-4849-9C06-5A754091F839}.Release|Any CPU.Build.0 = Release|Any CPU
		{7AF716C4-2D5A-42A3-ABFC-20DDA89DC9A9}.Debug|Any CPU.ActiveCfg = Debug|Any CPU
		{7AF716C4-2D5A-42A3-ABFC-20DDA89DC9A9}.Debug|Any CPU.Build.0 = Debug|Any CPU
		{7AF716C4-2D5A-42A3-ABFC-20DDA89DC9A9}.Release|Any CPU.ActiveCfg = Release|Any CPU
		{7AF716C4-2D5A-42A3-ABFC-20DDA89DC9A9}.Release|Any CPU.Build.0 = Release|Any CPU
		{44CEE5E3-0647-4773-A7CC-FA9A50523A55}.Debug|Any CPU.ActiveCfg = Debug|Any CPU
		{44CEE5E3-0647-4773-A7CC-FA9A50523A55}.Debug|Any CPU.Build.0 = Debug|Any CPU
		{44CEE5E3-0647-4773-A7CC-FA9A50523A55}.Release|Any CPU.ActiveCfg = Release|Any CPU
		{44CEE5E3-0647-4773-A7CC-FA9A50523A55}.Release|Any CPU.Build.0 = Release|Any CPU
		{9D09CE6A-2A0F-455D-8081-B1A09D59D9DD}.Debug|Any CPU.ActiveCfg = Debug|Any CPU
		{9D09CE6A-2A0F-455D-8081-B1A09D59D9DD}.Debug|Any CPU.Build.0 = Debug|Any CPU
		{9D09CE6A-2A0F-455D-8081-B1A09D59D9DD}.Release|Any CPU.ActiveCfg = Release|Any CPU
		{9D09CE6A-2A0F-455D-8081-B1A09D59D9DD}.Release|Any CPU.Build.0 = Release|Any CPU
		{C22E9DBB-D689-494F-A616-918293B086AB}.Debug|Any CPU.ActiveCfg = Debug|Any CPU
		{C22E9DBB-D689-494F-A616-918293B086AB}.Debug|Any CPU.Build.0 = Debug|Any CPU
		{C22E9DBB-D689-494F-A616-918293B086AB}.Release|Any CPU.ActiveCfg = Release|Any CPU
		{C22E9DBB-D689-494F-A616-918293B086AB}.Release|Any CPU.Build.0 = Release|Any CPU
		{655F573B-A300-45C6-B538-DC70412A0C0D}.Debug|Any CPU.ActiveCfg = Debug|Any CPU
		{655F573B-A300-45C6-B538-DC70412A0C0D}.Debug|Any CPU.Build.0 = Debug|Any CPU
		{655F573B-A300-45C6-B538-DC70412A0C0D}.Release|Any CPU.ActiveCfg = Release|Any CPU
		{655F573B-A300-45C6-B538-DC70412A0C0D}.Release|Any CPU.Build.0 = Release|Any CPU
		{62C9CC71-9832-4B5A-AACA-1D61000E3BBD}.Debug|Any CPU.ActiveCfg = Debug|Any CPU
		{62C9CC71-9832-4B5A-AACA-1D61000E3BBD}.Debug|Any CPU.Build.0 = Debug|Any CPU
		{62C9CC71-9832-4B5A-AACA-1D61000E3BBD}.Release|Any CPU.ActiveCfg = Release|Any CPU
		{62C9CC71-9832-4B5A-AACA-1D61000E3BBD}.Release|Any CPU.Build.0 = Release|Any CPU
		{35BC7F93-9242-4A53-8E58-42E86BF318BB}.Debug|Any CPU.ActiveCfg = Debug|Any CPU
		{35BC7F93-9242-4A53-8E58-42E86BF318BB}.Debug|Any CPU.Build.0 = Debug|Any CPU
		{35BC7F93-9242-4A53-8E58-42E86BF318BB}.Release|Any CPU.ActiveCfg = Release|Any CPU
		{35BC7F93-9242-4A53-8E58-42E86BF318BB}.Release|Any CPU.Build.0 = Release|Any CPU
		{F694E35B-46B4-4513-BAE9-36DAC88DAA6B}.Debug|Any CPU.ActiveCfg = Debug|Any CPU
		{F694E35B-46B4-4513-BAE9-36DAC88DAA6B}.Debug|Any CPU.Build.0 = Debug|Any CPU
		{F694E35B-46B4-4513-BAE9-36DAC88DAA6B}.Release|Any CPU.ActiveCfg = Release|Any CPU
		{F694E35B-46B4-4513-BAE9-36DAC88DAA6B}.Release|Any CPU.Build.0 = Release|Any CPU
		{8AD958A5-18C3-44E3-9231-EF78176E576D}.Debug|Any CPU.ActiveCfg = Debug|Any CPU
		{8AD958A5-18C3-44E3-9231-EF78176E576D}.Debug|Any CPU.Build.0 = Debug|Any CPU
		{8AD958A5-18C3-44E3-9231-EF78176E576D}.Release|Any CPU.ActiveCfg = Release|Any CPU
		{8AD958A5-18C3-44E3-9231-EF78176E576D}.Release|Any CPU.Build.0 = Release|Any CPU
		{5F5BC893-B46A-47B7-8490-5AFD3AAD5DD6}.Debug|Any CPU.ActiveCfg = Debug|Any CPU
		{5F5BC893-B46A-47B7-8490-5AFD3AAD5DD6}.Debug|Any CPU.Build.0 = Debug|Any CPU
		{5F5BC893-B46A-47B7-8490-5AFD3AAD5DD6}.Release|Any CPU.ActiveCfg = Release|Any CPU
		{5F5BC893-B46A-47B7-8490-5AFD3AAD5DD6}.Release|Any CPU.Build.0 = Release|Any CPU
		{BB7F07C9-C0B3-4ABC-A32F-40BF35677C22}.Debug|Any CPU.ActiveCfg = Debug|Any CPU
		{BB7F07C9-C0B3-4ABC-A32F-40BF35677C22}.Debug|Any CPU.Build.0 = Debug|Any CPU
		{BB7F07C9-C0B3-4ABC-A32F-40BF35677C22}.Release|Any CPU.ActiveCfg = Release|Any CPU
		{BB7F07C9-C0B3-4ABC-A32F-40BF35677C22}.Release|Any CPU.Build.0 = Release|Any CPU
		{E32386B6-877F-4CEB-919A-976C06A0AFDC}.Debug|Any CPU.ActiveCfg = Debug|Any CPU
		{E32386B6-877F-4CEB-919A-976C06A0AFDC}.Debug|Any CPU.Build.0 = Debug|Any CPU
		{E32386B6-877F-4CEB-919A-976C06A0AFDC}.Release|Any CPU.ActiveCfg = Release|Any CPU
		{E32386B6-877F-4CEB-919A-976C06A0AFDC}.Release|Any CPU.Build.0 = Release|Any CPU
		{9C894C27-7253-448B-B9EF-681E973DD94C}.Debug|Any CPU.ActiveCfg = Debug|Any CPU
		{9C894C27-7253-448B-B9EF-681E973DD94C}.Debug|Any CPU.Build.0 = Debug|Any CPU
		{9C894C27-7253-448B-B9EF-681E973DD94C}.Release|Any CPU.ActiveCfg = Release|Any CPU
		{9C894C27-7253-448B-B9EF-681E973DD94C}.Release|Any CPU.Build.0 = Release|Any CPU
		{82CE3FC0-1EDF-4A9C-B758-663E7FAC0619}.Debug|Any CPU.ActiveCfg = Debug|Any CPU
		{82CE3FC0-1EDF-4A9C-B758-663E7FAC0619}.Debug|Any CPU.Build.0 = Debug|Any CPU
		{82CE3FC0-1EDF-4A9C-B758-663E7FAC0619}.Release|Any CPU.ActiveCfg = Release|Any CPU
		{82CE3FC0-1EDF-4A9C-B758-663E7FAC0619}.Release|Any CPU.Build.0 = Release|Any CPU
		{9FA69BFB-463C-44AC-A91C-EFE4FFEC5181}.Debug|Any CPU.ActiveCfg = Debug|Any CPU
		{9FA69BFB-463C-44AC-A91C-EFE4FFEC5181}.Debug|Any CPU.Build.0 = Debug|Any CPU
		{9FA69BFB-463C-44AC-A91C-EFE4FFEC5181}.Release|Any CPU.ActiveCfg = Release|Any CPU
		{9FA69BFB-463C-44AC-A91C-EFE4FFEC5181}.Release|Any CPU.Build.0 = Release|Any CPU
		{6B644FB6-6228-4CE6-9F04-7F3130C20579}.Debug|Any CPU.ActiveCfg = Debug|Any CPU
		{6B644FB6-6228-4CE6-9F04-7F3130C20579}.Debug|Any CPU.Build.0 = Debug|Any CPU
		{6B644FB6-6228-4CE6-9F04-7F3130C20579}.Release|Any CPU.ActiveCfg = Release|Any CPU
		{6B644FB6-6228-4CE6-9F04-7F3130C20579}.Release|Any CPU.Build.0 = Release|Any CPU
		{692B3F15-EEB9-4C45-85F1-129A70395DBC}.Debug|Any CPU.ActiveCfg = Debug|Any CPU
		{692B3F15-EEB9-4C45-85F1-129A70395DBC}.Debug|Any CPU.Build.0 = Debug|Any CPU
		{692B3F15-EEB9-4C45-85F1-129A70395DBC}.Release|Any CPU.ActiveCfg = Release|Any CPU
		{692B3F15-EEB9-4C45-85F1-129A70395DBC}.Release|Any CPU.Build.0 = Release|Any CPU
		{1D991724-E117-49DD-B254-42F7E9B3CCBC}.Debug|Any CPU.ActiveCfg = Debug|Any CPU
		{1D991724-E117-49DD-B254-42F7E9B3CCBC}.Debug|Any CPU.Build.0 = Debug|Any CPU
		{1D991724-E117-49DD-B254-42F7E9B3CCBC}.Release|Any CPU.ActiveCfg = Release|Any CPU
		{1D991724-E117-49DD-B254-42F7E9B3CCBC}.Release|Any CPU.Build.0 = Release|Any CPU
		{3EC9728A-1D6F-476C-AE54-E858D1ABD306}.Debug|Any CPU.ActiveCfg = Debug|Any CPU
		{3EC9728A-1D6F-476C-AE54-E858D1ABD306}.Debug|Any CPU.Build.0 = Debug|Any CPU
		{3EC9728A-1D6F-476C-AE54-E858D1ABD306}.Release|Any CPU.ActiveCfg = Release|Any CPU
		{3EC9728A-1D6F-476C-AE54-E858D1ABD306}.Release|Any CPU.Build.0 = Release|Any CPU
		{EEA57E92-3429-4C53-926A-F9EE3830DC08}.Debug|Any CPU.ActiveCfg = Debug|Any CPU
		{EEA57E92-3429-4C53-926A-F9EE3830DC08}.Debug|Any CPU.Build.0 = Debug|Any CPU
		{EEA57E92-3429-4C53-926A-F9EE3830DC08}.Release|Any CPU.ActiveCfg = Release|Any CPU
		{EEA57E92-3429-4C53-926A-F9EE3830DC08}.Release|Any CPU.Build.0 = Release|Any CPU
	EndGlobalSection
	GlobalSection(NestedProjects) = preSolution
		{3B707407-7212-4849-9C06-5A754091F839} = {FE29CD9D-016F-4BFB-B69E-B1433B5186CD}
		{35BC7F93-9242-4A53-8E58-42E86BF318BB} = {09AD4019-F46F-417A-873F-D80D27E5B38E}
		{F694E35B-46B4-4513-BAE9-36DAC88DAA6B} = {09AD4019-F46F-417A-873F-D80D27E5B38E}
		{8AD958A5-18C3-44E3-9231-EF78176E576D} = {09AD4019-F46F-417A-873F-D80D27E5B38E}
		{5F5BC893-B46A-47B7-8490-5AFD3AAD5DD6} = {09AD4019-F46F-417A-873F-D80D27E5B38E}
		{BB7F07C9-C0B3-4ABC-A32F-40BF35677C22} = {09AD4019-F46F-417A-873F-D80D27E5B38E}
		{E32386B6-877F-4CEB-919A-976C06A0AFDC} = {78933AAB-878B-480B-BC13-9CBC37722369}
		{9C894C27-7253-448B-B9EF-681E973DD94C} = {F439EB42-BEEE-41C2-B846-C0D450E7CA83}
		{82CE3FC0-1EDF-4A9C-B758-663E7FAC0619} = {F439EB42-BEEE-41C2-B846-C0D450E7CA83}
		{9FA69BFB-463C-44AC-A91C-EFE4FFEC5181} = {F439EB42-BEEE-41C2-B846-C0D450E7CA83}
		{6B644FB6-6228-4CE6-9F04-7F3130C20579} = {F439EB42-BEEE-41C2-B846-C0D450E7CA83}
		{692B3F15-EEB9-4C45-85F1-129A70395DBC} = {783A1C98-45E4-45D4-A4B6-16AF08EED3EE}
		{1D991724-E117-49DD-B254-42F7E9B3CCBC} = {783A1C98-45E4-45D4-A4B6-16AF08EED3EE}
		{3EC9728A-1D6F-476C-AE54-E858D1ABD306} = {783A1C98-45E4-45D4-A4B6-16AF08EED3EE}
		{EEA57E92-3429-4C53-926A-F9EE3830DC08} = {783A1C98-45E4-45D4-A4B6-16AF08EED3EE}
	EndGlobalSection
EndGlobal
